
Microsoft Visual Studio Solution File, Format Version 12.00
# Visual Studio Version 18
VisualStudioVersion = 18.3.11520.95
MinimumVisualStudioVersion = 10.0.40219.1
Project("{FAE04EC0-301F-11D3-BF4B-00C04F79EFBC}") = "Shared", "src\Shared\Shared.csproj", "{EBF2DF6B-257D-4884-8911-45987FCEFEAD}"
EndProject
Project("{FAE04EC0-301F-11D3-BF4B-00C04F79EFBC}") = "Ingestor.Worker", "src\Services\DataIngestor\Ingestor.Worker\Ingestor.Worker.csproj", "{FC4CAF3D-E3AE-4958-828F-7CFE00E17744}"
EndProject
Project("{FAE04EC0-301F-11D3-BF4B-00C04F79EFBC}") = "Analyzer.Worker", "src\Services\Analyzer\Analyzer.Worker\Analyzer.Worker.csproj", "{E5999901-AFB7-44CF-9CF8-6C833D155F2E}"
EndProject
Project("{FAE04EC0-301F-11D3-BF4B-00C04F79EFBC}") = "Strategy.Worker", "src\Services\Strategy\Strategy.Worker\Strategy.Worker.csproj", "{87F5DE7B-5B36-4ADC-A152-96ADF524F179}"
EndProject
Project("{FAE04EC0-301F-11D3-BF4B-00C04F79EFBC}") = "Notifier.Worker", "src\Services\Notifier\Notifier.Worker\Notifier.Worker.csproj", "{4DF1175E-F05F-48E5-BFBB-4E88C5418710}"
EndProject
Project("{FAE04EC0-301F-11D3-BF4B-00C04F79EFBC}") = "RiskGuard.API", "src\Services\RiskGuard\RiskGuard.API\RiskGuard.API.csproj", "{BA2E2A40-4BC2-43DA-A854-D276EAD397DC}"
EndProject
Project("{FAE04EC0-301F-11D3-BF4B-00C04F79EFBC}") = "Executor.API", "src\Services\Executor\Executor.API\Executor.API.csproj", "{677745D7-24A1-45B4-B12B-F34AF283D075}"
EndProject
Project("{FAE04EC0-301F-11D3-BF4B-00C04F79EFBC}") = "Gateway.API", "src\Gateway\Gateway.API\Gateway.API.csproj", "{9703FD7B-46EB-40FF-9AE9-CD4077432CC8}"
EndProject
Project("{FAE04EC0-301F-11D3-BF4B-00C04F79EFBC}") = "HistoricalCollector.Worker", "src\Services\HistoricalCollector\HistoricalCollector.Worker\HistoricalCollector.Worker.csproj", "{02D13576-5DAC-4A8D-93C9-0A0FF9D78802}"
EndProject
Project("{FAE04EC0-301F-11D3-BF4B-00C04F79EFBC}") = "HouseKeeper.Worker", "src\Services\HouseKeeper\HouseKeeper.Worker\HouseKeeper.Worker.csproj", "{D3F5A8B1-2C4E-4F67-9A0B-CF1234567890}"
EndProject
Project("{FAE04EC0-301F-11D3-BF4B-00C04F79EFBC}") = "TimelineLogger.Worker", "src\Services\TimelineLogger\TimelineLogger.Worker\TimelineLogger.Worker.csproj", "{93586874-53E7-4FDB-BE36-510EA75CD723}"
EndProject
Project("{FAE04EC0-301F-11D3-BF4B-00C04F79EFBC}") = "FinancialLedger.Worker", "src\Services\FinancialLedger\FinancialLedger.Worker\FinancialLedger.Worker.csproj", "{90A14C2B-182E-4606-8B14-8988A46CD8B6}"
EndProject
Global
	GlobalSection(SolutionConfigurationPlatforms) = preSolution
		Debug|Any CPU = Debug|Any CPU
		Debug|x64 = Debug|x64
		Debug|x86 = Debug|x86
		Release|Any CPU = Release|Any CPU
		Release|x64 = Release|x64
		Release|x86 = Release|x86
	EndGlobalSection
	GlobalSection(ProjectConfigurationPlatforms) = postSolution
		{EBF2DF6B-257D-4884-8911-45987FCEFEAD}.Debug|Any CPU.ActiveCfg = Debug|Any CPU
		{EBF2DF6B-257D-4884-8911-45987FCEFEAD}.Debug|Any CPU.Build.0 = Debug|Any CPU
		{EBF2DF6B-257D-4884-8911-45987FCEFEAD}.Debug|x64.ActiveCfg = Debug|Any CPU
		{EBF2DF6B-257D-4884-8911-45987FCEFEAD}.Debug|x64.Build.0 = Debug|Any CPU
		{EBF2DF6B-257D-4884-8911-45987FCEFEAD}.Debug|x86.ActiveCfg = Debug|Any CPU
		{EBF2DF6B-257D-4884-8911-45987FCEFEAD}.Debug|x86.Build.0 = Debug|Any CPU
		{EBF2DF6B-257D-4884-8911-45987FCEFEAD}.Release|Any CPU.ActiveCfg = Release|Any CPU
		{EBF2DF6B-257D-4884-8911-45987FCEFEAD}.Release|Any CPU.Build.0 = Release|Any CPU
		{EBF2DF6B-257D-4884-8911-45987FCEFEAD}.Release|x64.ActiveCfg = Release|Any CPU
		{EBF2DF6B-257D-4884-8911-45987FCEFEAD}.Release|x64.Build.0 = Release|Any CPU
		{EBF2DF6B-257D-4884-8911-45987FCEFEAD}.Release|x86.ActiveCfg = Release|Any CPU
		{EBF2DF6B-257D-4884-8911-45987FCEFEAD}.Release|x86.Build.0 = Release|Any CPU
		{FC4CAF3D-E3AE-4958-828F-7CFE00E17744}.Debug|Any CPU.ActiveCfg = Debug|Any CPU
		{FC4CAF3D-E3AE-4958-828F-7CFE00E17744}.Debug|Any CPU.Build.0 = Debug|Any CPU
		{FC4CAF3D-E3AE-4958-828F-7CFE00E17744}.Debug|x64.ActiveCfg = Debug|Any CPU
		{FC4CAF3D-E3AE-4958-828F-7CFE00E17744}.Debug|x64.Build.0 = Debug|Any CPU
		{FC4CAF3D-E3AE-4958-828F-7CFE00E17744}.Debug|x86.ActiveCfg = Debug|Any CPU
		{FC4CAF3D-E3AE-4958-828F-7CFE00E17744}.Debug|x86.Build.0 = Debug|Any CPU
		{FC4CAF3D-E3AE-4958-828F-7CFE00E17744}.Release|Any CPU.ActiveCfg = Release|Any CPU
		{FC4CAF3D-E3AE-4958-828F-7CFE00E17744}.Release|Any CPU.Build.0 = Release|Any CPU
		{FC4CAF3D-E3AE-4958-828F-7CFE00E17744}.Release|x64.ActiveCfg = Release|Any CPU
		{FC4CAF3D-E3AE-4958-828F-7CFE00E17744}.Release|x64.Build.0 = Release|Any CPU
		{FC4CAF3D-E3AE-4958-828F-7CFE00E17744}.Release|x86.ActiveCfg = Release|Any CPU
		{FC4CAF3D-E3AE-4958-828F-7CFE00E17744}.Release|x86.Build.0 = Release|Any CPU
		{E5999901-AFB7-44CF-9CF8-6C833D155F2E}.Debug|Any CPU.ActiveCfg = Debug|Any CPU
		{E5999901-AFB7-44CF-9CF8-6C833D155F2E}.Debug|Any CPU.Build.0 = Debug|Any CPU
		{E5999901-AFB7-44CF-9CF8-6C833D155F2E}.Debug|x64.ActiveCfg = Debug|Any CPU
		{E5999901-AFB7-44CF-9CF8-6C833D155F2E}.Debug|x64.Build.0 = Debug|Any CPU
		{E5999901-AFB7-44CF-9CF8-6C833D155F2E}.Debug|x86.ActiveCfg = Debug|Any CPU
		{E5999901-AFB7-44CF-9CF8-6C833D155F2E}.Debug|x86.Build.0 = Debug|Any CPU
		{E5999901-AFB7-44CF-9CF8-6C833D155F2E}.Release|Any CPU.ActiveCfg = Release|Any CPU
		{E5999901-AFB7-44CF-9CF8-6C833D155F2E}.Release|Any CPU.Build.0 = Release|Any CPU
		{E5999901-AFB7-44CF-9CF8-6C833D155F2E}.Release|x64.ActiveCfg = Release|Any CPU
		{E5999901-AFB7-44CF-9CF8-6C833D155F2E}.Release|x64.Build.0 = Release|Any CPU
		{E5999901-AFB7-44CF-9CF8-6C833D155F2E}.Release|x86.ActiveCfg = Release|Any CPU
		{E5999901-AFB7-44CF-9CF8-6C833D155F2E}.Release|x86.Build.0 = Release|Any CPU
		{87F5DE7B-5B36-4ADC-A152-96ADF524F179}.Debug|Any CPU.ActiveCfg = Debug|Any CPU
		{87F5DE7B-5B36-4ADC-A152-96ADF524F179}.Debug|Any CPU.Build.0 = Debug|Any CPU
		{87F5DE7B-5B36-4ADC-A152-96ADF524F179}.Debug|x64.ActiveCfg = Debug|Any CPU
		{87F5DE7B-5B36-4ADC-A152-96ADF524F179}.Debug|x64.Build.0 = Debug|Any CPU
		{87F5DE7B-5B36-4ADC-A152-96ADF524F179}.Debug|x86.ActiveCfg = Debug|Any CPU
		{87F5DE7B-5B36-4ADC-A152-96ADF524F179}.Debug|x86.Build.0 = Debug|Any CPU
		{87F5DE7B-5B36-4ADC-A152-96ADF524F179}.Release|Any CPU.ActiveCfg = Release|Any CPU
		{87F5DE7B-5B36-4ADC-A152-96ADF524F179}.Release|Any CPU.Build.0 = Release|Any CPU
		{87F5DE7B-5B36-4ADC-A152-96ADF524F179}.Release|x64.ActiveCfg = Release|Any CPU
		{87F5DE7B-5B36-4ADC-A152-96ADF524F179}.Release|x64.Build.0 = Release|Any CPU
		{87F5DE7B-5B36-4ADC-A152-96ADF524F179}.Release|x86.ActiveCfg = Release|Any CPU
		{87F5DE7B-5B36-4ADC-A152-96ADF524F179}.Release|x86.Build.0 = Release|Any CPU
		{4DF1175E-F05F-48E5-BFBB-4E88C5418710}.Debug|Any CPU.ActiveCfg = Debug|Any CPU
		{4DF1175E-F05F-48E5-BFBB-4E88C5418710}.Debug|Any CPU.Build.0 = Debug|Any CPU
		{4DF1175E-F05F-48E5-BFBB-4E88C5418710}.Debug|x64.ActiveCfg = Debug|Any CPU
		{4DF1175E-F05F-48E5-BFBB-4E88C5418710}.Debug|x64.Build.0 = Debug|Any CPU
		{4DF1175E-F05F-48E5-BFBB-4E88C5418710}.Debug|x86.ActiveCfg = Debug|Any CPU
		{4DF1175E-F05F-48E5-BFBB-4E88C5418710}.Debug|x86.Build.0 = Debug|Any CPU
		{4DF1175E-F05F-48E5-BFBB-4E88C5418710}.Release|Any CPU.ActiveCfg = Release|Any CPU
		{4DF1175E-F05F-48E5-BFBB-4E88C5418710}.Release|Any CPU.Build.0 = Release|Any CPU
		{4DF1175E-F05F-48E5-BFBB-4E88C5418710}.Release|x64.ActiveCfg = Release|Any CPU
		{4DF1175E-F05F-48E5-BFBB-4E88C5418710}.Release|x64.Build.0 = Release|Any CPU
		{4DF1175E-F05F-48E5-BFBB-4E88C5418710}.Release|x86.ActiveCfg = Release|Any CPU
		{4DF1175E-F05F-48E5-BFBB-4E88C5418710}.Release|x86.Build.0 = Release|Any CPU
		{BA2E2A40-4BC2-43DA-A854-D276EAD397DC}.Debug|Any CPU.ActiveCfg = Debug|Any CPU
		{BA2E2A40-4BC2-43DA-A854-D276EAD397DC}.Debug|Any CPU.Build.0 = Debug|Any CPU
		{BA2E2A40-4BC2-43DA-A854-D276EAD397DC}.Debug|x64.ActiveCfg = Debug|Any CPU
		{BA2E2A40-4BC2-43DA-A854-D276EAD397DC}.Debug|x64.Build.0 = Debug|Any CPU
		{BA2E2A40-4BC2-43DA-A854-D276EAD397DC}.Debug|x86.ActiveCfg = Debug|Any CPU
		{BA2E2A40-4BC2-43DA-A854-D276EAD397DC}.Debug|x86.Build.0 = Debug|Any CPU
		{BA2E2A40-4BC2-43DA-A854-D276EAD397DC}.Release|Any CPU.ActiveCfg = Release|Any CPU
		{BA2E2A40-4BC2-43DA-A854-D276EAD397DC}.Release|Any CPU.Build.0 = Release|Any CPU
		{BA2E2A40-4BC2-43DA-A854-D276EAD397DC}.Release|x64.ActiveCfg = Release|Any CPU
		{BA2E2A40-4BC2-43DA-A854-D276EAD397DC}.Release|x64.Build.0 = Release|Any CPU
		{BA2E2A40-4BC2-43DA-A854-D276EAD397DC}.Release|x86.ActiveCfg = Release|Any CPU
		{BA2E2A40-4BC2-43DA-A854-D276EAD397DC}.Release|x86.Build.0 = Release|Any CPU
		{677745D7-24A1-45B4-B12B-F34AF283D075}.Debug|Any CPU.ActiveCfg = Debug|Any CPU
		{677745D7-24A1-45B4-B12B-F34AF283D075}.Debug|Any CPU.Build.0 = Debug|Any CPU
		{677745D7-24A1-45B4-B12B-F34AF283D075}.Debug|x64.ActiveCfg = Debug|Any CPU
		{677745D7-24A1-45B4-B12B-F34AF283D075}.Debug|x64.Build.0 = Debug|Any CPU
		{677745D7-24A1-45B4-B12B-F34AF283D075}.Debug|x86.ActiveCfg = Debug|Any CPU
		{677745D7-24A1-45B4-B12B-F34AF283D075}.Debug|x86.Build.0 = Debug|Any CPU
		{677745D7-24A1-45B4-B12B-F34AF283D075}.Release|Any CPU.ActiveCfg = Release|Any CPU
		{677745D7-24A1-45B4-B12B-F34AF283D075}.Release|Any CPU.Build.0 = Release|Any CPU
		{677745D7-24A1-45B4-B12B-F34AF283D075}.Release|x64.ActiveCfg = Release|Any CPU
		{677745D7-24A1-45B4-B12B-F34AF283D075}.Release|x64.Build.0 = Release|Any CPU
		{677745D7-24A1-45B4-B12B-F34AF283D075}.Release|x86.ActiveCfg = Release|Any CPU
		{677745D7-24A1-45B4-B12B-F34AF283D075}.Release|x86.Build.0 = Release|Any CPU
		{9703FD7B-46EB-40FF-9AE9-CD4077432CC8}.Debug|Any CPU.ActiveCfg = Debug|Any CPU
		{9703FD7B-46EB-40FF-9AE9-CD4077432CC8}.Debug|Any CPU.Build.0 = Debug|Any CPU
		{9703FD7B-46EB-40FF-9AE9-CD4077432CC8}.Debug|x64.ActiveCfg = Debug|Any CPU
		{9703FD7B-46EB-40FF-9AE9-CD4077432CC8}.Debug|x64.Build.0 = Debug|Any CPU
		{9703FD7B-46EB-40FF-9AE9-CD4077432CC8}.Debug|x86.ActiveCfg = Debug|Any CPU
		{9703FD7B-46EB-40FF-9AE9-CD4077432CC8}.Debug|x86.Build.0 = Debug|Any CPU
		{9703FD7B-46EB-40FF-9AE9-CD4077432CC8}.Release|Any CPU.ActiveCfg = Release|Any CPU
		{9703FD7B-46EB-40FF-9AE9-CD4077432CC8}.Release|Any CPU.Build.0 = Release|Any CPU
		{9703FD7B-46EB-40FF-9AE9-CD4077432CC8}.Release|x64.ActiveCfg = Release|Any CPU
		{9703FD7B-46EB-40FF-9AE9-CD4077432CC8}.Release|x64.Build.0 = Release|Any CPU
		{9703FD7B-46EB-40FF-9AE9-CD4077432CC8}.Release|x86.ActiveCfg = Release|Any CPU
		{9703FD7B-46EB-40FF-9AE9-CD4077432CC8}.Release|x86.Build.0 = Release|Any CPU
		{02D13576-5DAC-4A8D-93C9-0A0FF9D78802}.Debug|Any CPU.ActiveCfg = Debug|Any CPU
		{02D13576-5DAC-4A8D-93C9-0A0FF9D78802}.Debug|Any CPU.Build.0 = Debug|Any CPU
		{02D13576-5DAC-4A8D-93C9-0A0FF9D78802}.Debug|x64.ActiveCfg = Debug|Any CPU
		{02D13576-5DAC-4A8D-93C9-0A0FF9D78802}.Debug|x64.Build.0 = Debug|Any CPU
		{02D13576-5DAC-4A8D-93C9-0A0FF9D78802}.Debug|x86.ActiveCfg = Debug|Any CPU
		{02D13576-5DAC-4A8D-93C9-0A0FF9D78802}.Debug|x86.Build.0 = Debug|Any CPU
		{02D13576-5DAC-4A8D-93C9-0A0FF9D78802}.Release|Any CPU.ActiveCfg = Release|Any CPU
		{02D13576-5DAC-4A8D-93C9-0A0FF9D78802}.Release|Any CPU.Build.0 = Release|Any CPU
		{02D13576-5DAC-4A8D-93C9-0A0FF9D78802}.Release|x64.ActiveCfg = Release|Any CPU
		{02D13576-5DAC-4A8D-93C9-0A0FF9D78802}.Release|x64.Build.0 = Release|Any CPU
		{02D13576-5DAC-4A8D-93C9-0A0FF9D78802}.Release|x86.ActiveCfg = Release|Any CPU
		{02D13576-5DAC-4A8D-93C9-0A0FF9D78802}.Release|x86.Build.0 = Release|Any CPU
		{D3F5A8B1-2C4E-4F67-9A0B-CF1234567890}.Debug|Any CPU.ActiveCfg = Debug|Any CPU
		{D3F5A8B1-2C4E-4F67-9A0B-CF1234567890}.Debug|Any CPU.Build.0 = Debug|Any CPU
		{D3F5A8B1-2C4E-4F67-9A0B-CF1234567890}.Debug|x64.ActiveCfg = Debug|Any CPU
		{D3F5A8B1-2C4E-4F67-9A0B-CF1234567890}.Debug|x64.Build.0 = Debug|Any CPU
		{D3F5A8B1-2C4E-4F67-9A0B-CF1234567890}.Debug|x86.ActiveCfg = Debug|Any CPU
		{D3F5A8B1-2C4E-4F67-9A0B-CF1234567890}.Debug|x86.Build.0 = Debug|Any CPU
		{D3F5A8B1-2C4E-4F67-9A0B-CF1234567890}.Release|Any CPU.ActiveCfg = Release|Any CPU
		{D3F5A8B1-2C4E-4F67-9A0B-CF1234567890}.Release|Any CPU.Build.0 = Release|Any CPU
		{D3F5A8B1-2C4E-4F67-9A0B-CF1234567890}.Release|x64.ActiveCfg = Release|Any CPU
		{D3F5A8B1-2C4E-4F67-9A0B-CF1234567890}.Release|x64.Build.0 = Release|Any CPU
		{D3F5A8B1-2C4E-4F67-9A0B-CF1234567890}.Release|x86.ActiveCfg = Release|Any CPU
		{D3F5A8B1-2C4E-4F67-9A0B-CF1234567890}.Release|x86.Build.0 = Release|Any CPU
		{93586874-53E7-4FDB-BE36-510EA75CD723}.Debug|Any CPU.ActiveCfg = Debug|Any CPU
		{93586874-53E7-4FDB-BE36-510EA75CD723}.Debug|Any CPU.Build.0 = Debug|Any CPU
		{93586874-53E7-4FDB-BE36-510EA75CD723}.Debug|x64.ActiveCfg = Debug|Any CPU
		{93586874-53E7-4FDB-BE36-510EA75CD723}.Debug|x64.Build.0 = Debug|Any CPU
		{93586874-53E7-4FDB-BE36-510EA75CD723}.Debug|x86.ActiveCfg = Debug|Any CPU
		{93586874-53E7-4FDB-BE36-510EA75CD723}.Debug|x86.Build.0 = Debug|Any CPU
		{93586874-53E7-4FDB-BE36-510EA75CD723}.Release|Any CPU.ActiveCfg = Release|Any CPU
		{93586874-53E7-4FDB-BE36-510EA75CD723}.Release|Any CPU.Build.0 = Release|Any CPU
		{93586874-53E7-4FDB-BE36-510EA75CD723}.Release|x64.ActiveCfg = Release|Any CPU
		{93586874-53E7-4FDB-BE36-510EA75CD723}.Release|x64.Build.0 = Release|Any CPU
		{93586874-53E7-4FDB-BE36-510EA75CD723}.Release|x86.ActiveCfg = Release|Any CPU
		{93586874-53E7-4FDB-BE36-510EA75CD723}.Release|x86.Build.0 = Release|Any CPU
		{90A14C2B-182E-4606-8B14-8988A46CD8B6}.Debug|Any CPU.ActiveCfg = Debug|Any CPU
		{90A14C2B-182E-4606-8B14-8988A46CD8B6}.Debug|Any CPU.Build.0 = Debug|Any CPU
		{90A14C2B-182E-4606-8B14-8988A46CD8B6}.Debug|x64.ActiveCfg = Debug|Any CPU
		{90A14C2B-182E-4606-8B14-8988A46CD8B6}.Debug|x64.Build.0 = Debug|Any CPU
		{90A14C2B-182E-4606-8B14-8988A46CD8B6}.Debug|x86.ActiveCfg = Debug|Any CPU
		{90A14C2B-182E-4606-8B14-8988A46CD8B6}.Debug|x86.Build.0 = Debug|Any CPU
		{90A14C2B-182E-4606-8B14-8988A46CD8B6}.Release|Any CPU.ActiveCfg = Release|Any CPU
		{90A14C2B-182E-4606-8B14-8988A46CD8B6}.Release|Any CPU.Build.0 = Release|Any CPU
		{90A14C2B-182E-4606-8B14-8988A46CD8B6}.Release|x64.ActiveCfg = Release|Any CPU
		{90A14C2B-182E-4606-8B14-8988A46CD8B6}.Release|x64.Build.0 = Release|Any CPU
		{90A14C2B-182E-4606-8B14-8988A46CD8B6}.Release|x86.ActiveCfg = Release|Any CPU
		{90A14C2B-182E-4606-8B14-8988A46CD8B6}.Release|x86.Build.0 = Release|Any CPU
	EndGlobalSection
	GlobalSection(SolutionProperties) = preSolution
		HideSolutionNode = FALSE
	EndGlobalSection
	GlobalSection(ExtensibilityGlobals) = postSolution
		SolutionGuid = {6B83120A-163A-450D-B4E8-CF01164B8465}
	EndGlobalSection
EndGlobal
